
Microsoft Visual Studio Solution File, Format Version 12.00
# Visual Studio 14
VisualStudioVersion = 14.0.22310.1
MinimumVisualStudioVersion = 10.0.40219.1
Project("{2150E333-8FDC-42A3-9474-1A3956D46DE8}") = "Engine", "Engine", "{B9879DD1-502B-494A-BF08-562B7291A872}"
EndProject
Project("{2150E333-8FDC-42A3-9474-1A3956D46DE8}") = "Games", "Games", "{1CDC4B65-5D1B-4983-8F2E-BC9E7521BA87}"
EndProject
Project("{8BC9CEB8-8B4A-11D0-8D11-00A0C91BC942}") = "UE4", "Intermediate\ProjectFiles\UE4.vcxproj", "{1B0AB2F7-43A8-400F-B91C-3A779B4AEEF9}"
EndProject
Project("{8BC9CEB8-8B4A-11D0-8D11-00A0C91BC942}") = "MyProject3", "Intermediate\ProjectFiles\MyProject3.vcxproj", "{3059664E-EF57-4FF2-A4E9-CE57BCA72860}"
EndProject
Global
	GlobalSection(SolutionConfigurationPlatforms) = preSolution
		DebugGame Editor|Win32 = DebugGame Editor|Win32
		DebugGame Editor|Win64 = DebugGame Editor|Win64
		DebugGame|Win32 = DebugGame|Win32
		DebugGame|Win64 = DebugGame|Win64
		Development Editor|Win32 = Development Editor|Win32
		Development Editor|Win64 = Development Editor|Win64
		Development|Win32 = Development|Win32
		Development|Win64 = Development|Win64
		Shipping|Win32 = Shipping|Win32
		Shipping|Win64 = Shipping|Win64
	EndGlobalSection
	GlobalSection(ProjectConfigurationPlatforms) = postSolution
		{3059664E-EF57-4FF2-A4E9-CE57BCA72860}.DebugGame Editor|Win32.ActiveCfg = DebugGame_Editor|Win32
		{3059664E-EF57-4FF2-A4E9-CE57BCA72860}.DebugGame Editor|Win64.ActiveCfg = DebugGame_Editor|x64
		{3059664E-EF57-4FF2-A4E9-CE57BCA72860}.DebugGame Editor|Win64.Build.0 = DebugGame_Editor|x64
		{3059664E-EF57-4FF2-A4E9-CE57BCA72860}.DebugGame|Win32.ActiveCfg = DebugGame_Game|Win32
		{3059664E-EF57-4FF2-A4E9-CE57BCA72860}.DebugGame|Win32.Build.0 = DebugGame_Game|Win32
		{3059664E-EF57-4FF2-A4E9-CE57BCA72860}.DebugGame|Win64.ActiveCfg = DebugGame_Game|x64
		{3059664E-EF57-4FF2-A4E9-CE57BCA72860}.DebugGame|Win64.Build.0 = DebugGame_Game|x64
		{3059664E-EF57-4FF2-A4E9-CE57BCA72860}.Development Editor|Win32.ActiveCfg = Development_Editor|Win32
		{3059664E-EF57-4FF2-A4E9-CE57BCA72860}.Development Editor|Win64.ActiveCfg = Development_Editor|x64
		{3059664E-EF57-4FF2-A4E9-CE57BCA72860}.Development Editor|Win64.Build.0 = Development_Editor|x64
		{3059664E-EF57-4FF2-A4E9-CE57BCA72860}.Development|Win32.ActiveCfg = Development_Game|Win32
		{3059664E-EF57-4FF2-A4E9-CE57BCA72860}.Development|Win32.Build.0 = Development_Game|Win32
		{3059664E-EF57-4FF2-A4E9-CE57BCA72860}.Development|Win64.ActiveCfg = Development_Game|x64
		{3059664E-EF57-4FF2-A4E9-CE57BCA72860}.Development|Win64.Build.0 = Development_Game|x64
		{3059664E-EF57-4FF2-A4E9-CE57BCA72860}.Shipping|Win32.ActiveCfg = Shipping_Game|Win32
		{3059664E-EF57-4FF2-A4E9-CE57BCA72860}.Shipping|Win32.Build.0 = Shipping_Game|Win32
		{3059664E-EF57-4FF2-A4E9-CE57BCA72860}.Shipping|Win64.ActiveCfg = Shipping_Game|x64
		{3059664E-EF57-4FF2-A4E9-CE57BCA72860}.Shipping|Win64.Build.0 = Shipping_Game|x64
	EndGlobalSection
	GlobalSection(SolutionProperties) = preSolution
		HideSolutionNode = FALSE
	EndGlobalSection
	GlobalSection(NestedProjects) = preSolution
		{1B0AB2F7-43A8-400F-B91C-3A779B4AEEF9} = {B9879DD1-502B-494A-BF08-562B7291A872}
		{3059664E-EF57-4FF2-A4E9-CE57BCA72860} = {1CDC4B65-5D1B-4983-8F2E-BC9E7521BA87}
	EndGlobalSection
EndGlobal
